// !$*UTF8*$!
{
	archiveVersion = 1;
	classes = {
	};
	objectVersion = 55;
	objects = {

/* Begin PBXBuildFile section */
		7FA7077C2A0FDEBC003B6CED /* Tests_iOS.swift in Sources */ = {isa = PBXBuildFile; fileRef = 7FA7077B2A0FDEBC003B6CED /* Tests_iOS.swift */; };
		7FA7077E2A0FDEBC003B6CED /* Tests_iOSLaunchTests.swift in Sources */ = {isa = PBXBuildFile; fileRef = 7FA7077D2A0FDEBC003B6CED /* Tests_iOSLaunchTests.swift */; };
		7FA707882A0FDEBC003B6CED /* Tests_macOS.swift in Sources */ = {isa = PBXBuildFile; fileRef = 7FA707872A0FDEBC003B6CED /* Tests_macOS.swift */; };
		7FA7078A2A0FDEBC003B6CED /* Tests_macOSLaunchTests.swift in Sources */ = {isa = PBXBuildFile; fileRef = 7FA707892A0FDEBC003B6CED /* Tests_macOSLaunchTests.swift */; };
		7FA7078B2A0FDEBC003B6CED /* WeatherApp.swift in Sources */ = {isa = PBXBuildFile; fileRef = 7FA707632A0FDEBB003B6CED /* WeatherApp.swift */; };
		7FA7078C2A0FDEBC003B6CED /* WeatherApp.swift in Sources */ = {isa = PBXBuildFile; fileRef = 7FA707632A0FDEBB003B6CED /* WeatherApp.swift */; };
		7FA7078D2A0FDEBC003B6CED /* ContentView.swift in Sources */ = {isa = PBXBuildFile; fileRef = 7FA707642A0FDEBB003B6CED /* ContentView.swift */; };
		7FA7078E2A0FDEBC003B6CED /* ContentView.swift in Sources */ = {isa = PBXBuildFile; fileRef = 7FA707642A0FDEBB003B6CED /* ContentView.swift */; };
		7FA7078F2A0FDEBC003B6CED /* Assets.xcassets in Resources */ = {isa = PBXBuildFile; fileRef = 7FA707652A0FDEBC003B6CED /* Assets.xcassets */; };
		7FA707902A0FDEBC003B6CED /* Assets.xcassets in Resources */ = {isa = PBXBuildFile; fileRef = 7FA707652A0FDEBC003B6CED /* Assets.xcassets */; };
		7FA707A02A0FDF15003B6CED /* WeatherModel.swift in Sources */ = {isa = PBXBuildFile; fileRef = 7FA7079F2A0FDF15003B6CED /* WeatherModel.swift */; };
		7FA707A12A0FDF15003B6CED /* WeatherModel.swift in Sources */ = {isa = PBXBuildFile; fileRef = 7FA7079F2A0FDF15003B6CED /* WeatherModel.swift */; };
		7FA707A32A0FDF3D003B6CED /* ShareSheetView.swift in Sources */ = {isa = PBXBuildFile; fileRef = 7FA707A22A0FDF3D003B6CED /* ShareSheetView.swift */; };
		7FA707A42A0FDF3D003B6CED /* ShareSheetView.swift in Sources */ = {isa = PBXBuildFile; fileRef = 7FA707A22A0FDF3D003B6CED /* ShareSheetView.swift */; };
		7FA707A62A0FDF6B003B6CED /* WeatherService.swift in Sources */ = {isa = PBXBuildFile; fileRef = 7FA707A52A0FDF6B003B6CED /* WeatherService.swift */; };
		7FA707A72A0FDF6B003B6CED /* WeatherService.swift in Sources */ = {isa = PBXBuildFile; fileRef = 7FA707A52A0FDF6B003B6CED /* WeatherService.swift */; };
/* End PBXBuildFile section */

/* Begin PBXContainerItemProxy section */
		7FA707782A0FDEBC003B6CED /* PBXContainerItemProxy */ = {
			isa = PBXContainerItemProxy;
			containerPortal = 7FA7075E2A0FDEBA003B6CED /* Project object */;
			proxyType = 1;
			remoteGlobalIDString = 7FA707692A0FDEBC003B6CED;
			remoteInfo = "Weather (iOS)";
		};
		7FA707842A0FDEBC003B6CED /* PBXContainerItemProxy */ = {
			isa = PBXContainerItemProxy;
			containerPortal = 7FA7075E2A0FDEBA003B6CED /* Project object */;
			proxyType = 1;
			remoteGlobalIDString = 7FA7076F2A0FDEBC003B6CED;
			remoteInfo = "Weather (macOS)";
		};
/* End PBXContainerItemProxy section */

/* Begin PBXFileReference section */
		7FA707632A0FDEBB003B6CED /* WeatherApp.swift */ = {isa = PBXFileReference; lastKnownFileType = sourcecode.swift; path = WeatherApp.swift; sourceTree = "<group>"; };
		7FA707642A0FDEBB003B6CED /* ContentView.swift */ = {isa = PBXFileReference; lastKnownFileType = sourcecode.swift; path = ContentView.swift; sourceTree = "<group>"; };
		7FA707652A0FDEBC003B6CED /* Assets.xcassets */ = {isa = PBXFileReference; lastKnownFileType = folder.assetcatalog; path = Assets.xcassets; sourceTree = "<group>"; };
		7FA7076A2A0FDEBC003B6CED /* Weather.app */ = {isa = PBXFileReference; explicitFileType = wrapper.application; includeInIndex = 0; path = Weather.app; sourceTree = BUILT_PRODUCTS_DIR; };
		7FA707702A0FDEBC003B6CED /* Weather.app */ = {isa = PBXFileReference; explicitFileType = wrapper.application; includeInIndex = 0; path = Weather.app; sourceTree = BUILT_PRODUCTS_DIR; };
		7FA707722A0FDEBC003B6CED /* macOS.entitlements */ = {isa = PBXFileReference; lastKnownFileType = text.plist.entitlements; path = macOS.entitlements; sourceTree = "<group>"; };
		7FA707772A0FDEBC003B6CED /* Tests iOS.xctest */ = {isa = PBXFileReference; explicitFileType = wrapper.cfbundle; includeInIndex = 0; path = "Tests iOS.xctest"; sourceTree = BUILT_PRODUCTS_DIR; };
		7FA7077B2A0FDEBC003B6CED /* Tests_iOS.swift */ = {isa = PBXFileReference; lastKnownFileType = sourcecode.swift; path = Tests_iOS.swift; sourceTree = "<group>"; };
		7FA7077D2A0FDEBC003B6CED /* Tests_iOSLaunchTests.swift */ = {isa = PBXFileReference; lastKnownFileType = sourcecode.swift; path = Tests_iOSLaunchTests.swift; sourceTree = "<group>"; };
		7FA707832A0FDEBC003B6CED /* Tests macOS.xctest */ = {isa = PBXFileReference; explicitFileType = wrapper.cfbundle; includeInIndex = 0; path = "Tests macOS.xctest"; sourceTree = BUILT_PRODUCTS_DIR; };
		7FA707872A0FDEBC003B6CED /* Tests_macOS.swift */ = {isa = PBXFileReference; lastKnownFileType = sourcecode.swift; path = Tests_macOS.swift; sourceTree = "<group>"; };
		7FA707892A0FDEBC003B6CED /* Tests_macOSLaunchTests.swift */ = {isa = PBXFileReference; lastKnownFileType = sourcecode.swift; path = Tests_macOSLaunchTests.swift; sourceTree = "<group>"; };
		7FA7079F2A0FDF15003B6CED /* WeatherModel.swift */ = {isa = PBXFileReference; lastKnownFileType = sourcecode.swift; path = WeatherModel.swift; sourceTree = "<group>"; };
		7FA707A22A0FDF3D003B6CED /* ShareSheetView.swift */ = {isa = PBXFileReference; lastKnownFileType = sourcecode.swift; path = ShareSheetView.swift; sourceTree = "<group>"; };
		7FA707A52A0FDF6B003B6CED /* WeatherService.swift */ = {isa = PBXFileReference; lastKnownFileType = sourcecode.swift; path = WeatherService.swift; sourceTree = "<group>"; };
/* End PBXFileReference section */

/* Begin PBXFrameworksBuildPhase section */
		7FA707672A0FDEBC003B6CED /* Frameworks */ = {
			isa = PBXFrameworksBuildPhase;
			buildActionMask = 2147483647;
			files = (
			);
			runOnlyForDeploymentPostprocessing = 0;
		};
		7FA7076D2A0FDEBC003B6CED /* Frameworks */ = {
			isa = PBXFrameworksBuildPhase;
			buildActionMask = 2147483647;
			files = (
			);
			runOnlyForDeploymentPostprocessing = 0;
		};
		7FA707742A0FDEBC003B6CED /* Frameworks */ = {
			isa = PBXFrameworksBuildPhase;
			buildActionMask = 2147483647;
			files = (
			);
			runOnlyForDeploymentPostprocessing = 0;
		};
		7FA707802A0FDEBC003B6CED /* Frameworks */ = {
			isa = PBXFrameworksBuildPhase;
			buildActionMask = 2147483647;
			files = (
			);
			runOnlyForDeploymentPostprocessing = 0;
		};
/* End PBXFrameworksBuildPhase section */

/* Begin PBXGroup section */
		7FA7075D2A0FDEBA003B6CED = {
			isa = PBXGroup;
			children = (
				7FA707622A0FDEBB003B6CED /* Shared */,
				7FA707712A0FDEBC003B6CED /* macOS */,
				7FA7077A2A0FDEBC003B6CED /* Tests iOS */,
				7FA707862A0FDEBC003B6CED /* Tests macOS */,
				7FA7076B2A0FDEBC003B6CED /* Products */,
			);
			sourceTree = "<group>";
		};
		7FA707622A0FDEBB003B6CED /* Shared */ = {
			isa = PBXGroup;
			children = (
				7FA707632A0FDEBB003B6CED /* WeatherApp.swift */,
				7FA707642A0FDEBB003B6CED /* ContentView.swift */,
				7FA707652A0FDEBC003B6CED /* Assets.xcassets */,
				7FA7079F2A0FDF15003B6CED /* WeatherModel.swift */,
				7FA707A22A0FDF3D003B6CED /* ShareSheetView.swift */,
				7FA707A52A0FDF6B003B6CED /* WeatherService.swift */,
			);
			path = Shared;
			sourceTree = "<group>";
		};
		7FA7076B2A0FDEBC003B6CED /* Products */ = {
			isa = PBXGroup;
			children = (
				7FA7076A2A0FDEBC003B6CED /* Weather.app */,
				7FA707702A0FDEBC003B6CED /* Weather.app */,
				7FA707772A0FDEBC003B6CED /* Tests iOS.xctest */,
				7FA707832A0FDEBC003B6CED /* Tests macOS.xctest */,
			);
			name = Products;
			sourceTree = "<group>";
		};
		7FA707712A0FDEBC003B6CED /* macOS */ = {
			isa = PBXGroup;
			children = (
				7FA707722A0FDEBC003B6CED /* macOS.entitlements */,
			);
			path = macOS;
			sourceTree = "<group>";
		};
		7FA7077A2A0FDEBC003B6CED /* Tests iOS */ = {
			isa = PBXGroup;
			children = (
				7FA7077B2A0FDEBC003B6CED /* Tests_iOS.swift */,
				7FA7077D2A0FDEBC003B6CED /* Tests_iOSLaunchTests.swift */,
			);
			path = "Tests iOS";
			sourceTree = "<group>";
		};
		7FA707862A0FDEBC003B6CED /* Tests macOS */ = {
			isa = PBXGroup;
			children = (
				7FA707872A0FDEBC003B6CED /* Tests_macOS.swift */,
				7FA707892A0FDEBC003B6CED /* Tests_macOSLaunchTests.swift */,
			);
			path = "Tests macOS";
			sourceTree = "<group>";
		};
/* End PBXGroup section */

/* Begin PBXNativeTarget section */
		7FA707692A0FDEBC003B6CED /* Weather (iOS) */ = {
			isa = PBXNativeTarget;
			buildConfigurationList = 7FA707932A0FDEBC003B6CED /* Build configuration list for PBXNativeTarget "Weather (iOS)" */;
			buildPhases = (
				7FA707662A0FDEBC003B6CED /* Sources */,
				7FA707672A0FDEBC003B6CED /* Frameworks */,
				7FA707682A0FDEBC003B6CED /* Resources */,
			);
			buildRules = (
			);
			dependencies = (
			);
			name = "Weather (iOS)";
			productName = "Weather (iOS)";
			productReference = 7FA7076A2A0FDEBC003B6CED /* Weather.app */;
			productType = "com.apple.product-type.application";
		};
		7FA7076F2A0FDEBC003B6CED /* Weather (macOS) */ = {
			isa = PBXNativeTarget;
			buildConfigurationList = 7FA707962A0FDEBC003B6CED /* Build configuration list for PBXNativeTarget "Weather (macOS)" */;
			buildPhases = (
				7FA7076C2A0FDEBC003B6CED /* Sources */,
				7FA7076D2A0FDEBC003B6CED /* Frameworks */,
				7FA7076E2A0FDEBC003B6CED /* Resources */,
			);
			buildRules = (
			);
			dependencies = (
			);
			name = "Weather (macOS)";
			productName = "Weather (macOS)";
			productReference = 7FA707702A0FDEBC003B6CED /* Weather.app */;
			productType = "com.apple.product-type.application";
		};
		7FA707762A0FDEBC003B6CED /* Tests iOS */ = {
			isa = PBXNativeTarget;
			buildConfigurationList = 7FA707992A0FDEBC003B6CED /* Build configuration list for PBXNativeTarget "Tests iOS" */;
			buildPhases = (
				7FA707732A0FDEBC003B6CED /* Sources */,
				7FA707742A0FDEBC003B6CED /* Frameworks */,
				7FA707752A0FDEBC003B6CED /* Resources */,
			);
			buildRules = (
			);
			dependencies = (
				7FA707792A0FDEBC003B6CED /* PBXTargetDependency */,
			);
			name = "Tests iOS";
			productName = "Tests iOS";
			productReference = 7FA707772A0FDEBC003B6CED /* Tests iOS.xctest */;
			productType = "com.apple.product-type.bundle.ui-testing";
		};
		7FA707822A0FDEBC003B6CED /* Tests macOS */ = {
			isa = PBXNativeTarget;
			buildConfigurationList = 7FA7079C2A0FDEBC003B6CED /* Build configuration list for PBXNativeTarget "Tests macOS" */;
			buildPhases = (
				7FA7077F2A0FDEBC003B6CED /* Sources */,
				7FA707802A0FDEBC003B6CED /* Frameworks */,
				7FA707812A0FDEBC003B6CED /* Resources */,
			);
			buildRules = (
			);
			dependencies = (
				7FA707852A0FDEBC003B6CED /* PBXTargetDependency */,
			);
			name = "Tests macOS";
			productName = "Tests macOS";
			productReference = 7FA707832A0FDEBC003B6CED /* Tests macOS.xctest */;
			productType = "com.apple.product-type.bundle.ui-testing";
		};
/* End PBXNativeTarget section */

/* Begin PBXProject section */
		7FA7075E2A0FDEBA003B6CED /* Project object */ = {
			isa = PBXProject;
			attributes = {
				BuildIndependentTargetsInParallel = 1;
				LastSwiftUpdateCheck = 1340;
				LastUpgradeCheck = 1340;
				TargetAttributes = {
					7FA707692A0FDEBC003B6CED = {
						CreatedOnToolsVersion = 13.4.1;
					};
					7FA7076F2A0FDEBC003B6CED = {
						CreatedOnToolsVersion = 13.4.1;
					};
					7FA707762A0FDEBC003B6CED = {
						CreatedOnToolsVersion = 13.4.1;
						TestTargetID = 7FA707692A0FDEBC003B6CED;
					};
					7FA707822A0FDEBC003B6CED = {
						CreatedOnToolsVersion = 13.4.1;
						TestTargetID = 7FA7076F2A0FDEBC003B6CED;
					};
				};
			};
			buildConfigurationList = 7FA707612A0FDEBA003B6CED /* Build configuration list for PBXProject "Weather" */;
			compatibilityVersion = "Xcode 13.0";
			developmentRegion = en;
			hasScannedForEncodings = 0;
			knownRegions = (
				en,
				Base,
			);
			mainGroup = 7FA7075D2A0FDEBA003B6CED;
			productRefGroup = 7FA7076B2A0FDEBC003B6CED /* Products */;
			projectDirPath = "";
			projectRoot = "";
			targets = (
				7FA707692A0FDEBC003B6CED /* Weather (iOS) */,
				7FA7076F2A0FDEBC003B6CED /* Weather (macOS) */,
				7FA707762A0FDEBC003B6CED /* Tests iOS */,
				7FA707822A0FDEBC003B6CED /* Tests macOS */,
			);
		};
/* End PBXProject section */

/* Begin PBXResourcesBuildPhase section */
		7FA707682A0FDEBC003B6CED /* Resources */ = {
			isa = PBXResourcesBuildPhase;
			buildActionMask = 2147483647;
			files = (
				7FA7078F2A0FDEBC003B6CED /* Assets.xcassets in Resources */,
			);
			runOnlyForDeploymentPostprocessing = 0;
		};
		7FA7076E2A0FDEBC003B6CED /* Resources */ = {
			isa = PBXResourcesBuildPhase;
			buildActionMask = 2147483647;
			files = (
				7FA707902A0FDEBC003B6CED /* Assets.xcassets in Resources */,
			);
			runOnlyForDeploymentPostprocessing = 0;
		};
		7FA707752A0FDEBC003B6CED /* Resources */ = {
			isa = PBXResourcesBuildPhase;
			buildActionMask = 2147483647;
			files = (
			);
			runOnlyForDeploymentPostprocessing = 0;
		};
		7FA707812A0FDEBC003B6CED /* Resources */ = {
			isa = PBXResourcesBuildPhase;
			buildActionMask = 2147483647;
			files = (
			);
			runOnlyForDeploymentPostprocessing = 0;
		};
/* End PBXResourcesBuildPhase section */

/* Begin PBXSourcesBuildPhase section */
		7FA707662A0FDEBC003B6CED /* Sources */ = {
			isa = PBXSourcesBuildPhase;
			buildActionMask = 2147483647;
			files = (
				7FA707A62A0FDF6B003B6CED /* WeatherService.swift in Sources */,
				7FA7078D2A0FDEBC003B6CED /* ContentView.swift in Sources */,
				7FA707A02A0FDF15003B6CED /* WeatherModel.swift in Sources */,
				7FA707A32A0FDF3D003B6CED /* ShareSheetView.swift in Sources */,
				7FA7078B2A0FDEBC003B6CED /* WeatherApp.swift in Sources */,
			);
			runOnlyForDeploymentPostprocessing = 0;
		};
		7FA7076C2A0FDEBC003B6CED /* Sources */ = {
			isa = PBXSourcesBuildPhase;
			buildActionMask = 2147483647;
			files = (
				7FA707A72A0FDF6B003B6CED /* WeatherService.swift in Sources */,
				7FA7078E2A0FDEBC003B6CED /* ContentView.swift in Sources */,
				7FA707A12A0FDF15003B6CED /* WeatherModel.swift in Sources */,
				7FA707A42A0FDF3D003B6CED /* ShareSheetView.swift in Sources */,
				7FA7078C2A0FDEBC003B6CED /* WeatherApp.swift in Sources */,
			);
			runOnlyForDeploymentPostprocessing = 0;
		};
		7FA707732A0FDEBC003B6CED /* Sources */ = {
			isa = PBXSourcesBuildPhase;
			buildActionMask = 2147483647;
			files = (
				7FA7077E2A0FDEBC003B6CED /* Tests_iOSLaunchTests.swift in Sources */,
				7FA7077C2A0FDEBC003B6CED /* Tests_iOS.swift in Sources */,
			);
			runOnlyForDeploymentPostprocessing = 0;
		};
		7FA7077F2A0FDEBC003B6CED /* Sources */ = {
			isa = PBXSourcesBuildPhase;
			buildActionMask = 2147483647;
			files = (
				7FA7078A2A0FDEBC003B6CED /* Tests_macOSLaunchTests.swift in Sources */,
				7FA707882A0FDEBC003B6CED /* Tests_macOS.swift in Sources */,
			);
			runOnlyForDeploymentPostprocessing = 0;
		};
/* End PBXSourcesBuildPhase section */

/* Begin PBXTargetDependency section */
		7FA707792A0FDEBC003B6CED /* PBXTargetDependency */ = {
			isa = PBXTargetDependency;
			target = 7FA707692A0FDEBC003B6CED /* Weather (iOS) */;
			targetProxy = 7FA707782A0FDEBC003B6CED /* PBXContainerItemProxy */;
		};
		7FA707852A0FDEBC003B6CED /* PBXTargetDependency */ = {
			isa = PBXTargetDependency;
			target = 7FA7076F2A0FDEBC003B6CED /* Weather (macOS) */;
			targetProxy = 7FA707842A0FDEBC003B6CED /* PBXContainerItemProxy */;
		};
/* End PBXTargetDependency section */

/* Begin XCBuildConfiguration section */
		7FA707912A0FDEBC003B6CED /* Debug */ = {
			isa = XCBuildConfiguration;
			buildSettings = {
				ALWAYS_SEARCH_USER_PATHS = NO;
				CLANG_ANALYZER_NONNULL = YES;
				CLANG_ANALYZER_NUMBER_OBJECT_CONVERSION = YES_AGGRESSIVE;
				CLANG_CXX_LANGUAGE_STANDARD = "gnu++17";
				CLANG_ENABLE_MODULES = YES;
				CLANG_ENABLE_OBJC_ARC = YES;
				CLANG_ENABLE_OBJC_WEAK = YES;
				CLANG_WARN_BLOCK_CAPTURE_AUTORELEASING = YES;
				CLANG_WARN_BOOL_CONVERSION = YES;
				CLANG_WARN_COMMA = YES;
				CLANG_WARN_CONSTANT_CONVERSION = YES;
				CLANG_WARN_DEPRECATED_OBJC_IMPLEMENTATIONS = YES;
				CLANG_WARN_DIRECT_OBJC_ISA_USAGE = YES_ERROR;
				CLANG_WARN_DOCUMENTATION_COMMENTS = YES;
				CLANG_WARN_EMPTY_BODY = YES;
				CLANG_WARN_ENUM_CONVERSION = YES;
				CLANG_WARN_INFINITE_RECURSION = YES;
				CLANG_WARN_INT_CONVERSION = YES;
				CLANG_WARN_NON_LITERAL_NULL_CONVERSION = YES;
				CLANG_WARN_OBJC_IMPLICIT_RETAIN_SELF = YES;
				CLANG_WARN_OBJC_LITERAL_CONVERSION = YES;
				CLANG_WARN_OBJC_ROOT_CLASS = YES_ERROR;
				CLANG_WARN_QUOTED_INCLUDE_IN_FRAMEWORK_HEADER = YES;
				CLANG_WARN_RANGE_LOOP_ANALYSIS = YES;
				CLANG_WARN_STRICT_PROTOTYPES = YES;
				CLANG_WARN_SUSPICIOUS_MOVE = YES;
				CLANG_WARN_UNGUARDED_AVAILABILITY = YES_AGGRESSIVE;
				CLANG_WARN_UNREACHABLE_CODE = YES;
				CLANG_WARN__DUPLICATE_METHOD_MATCH = YES;
				COPY_PHASE_STRIP = NO;
				DEBUG_INFORMATION_FORMAT = dwarf;
				ENABLE_STRICT_OBJC_MSGSEND = YES;
				ENABLE_TESTABILITY = YES;
				GCC_C_LANGUAGE_STANDARD = gnu11;
				GCC_DYNAMIC_NO_PIC = NO;
				GCC_NO_COMMON_BLOCKS = YES;
				GCC_OPTIMIZATION_LEVEL = 0;
				GCC_PREPROCESSOR_DEFINITIONS = (
					"DEBUG=1",
					"$(inherited)",
				);
				GCC_WARN_64_TO_32_BIT_CONVERSION = YES;
				GCC_WARN_ABOUT_RETURN_TYPE = YES_ERROR;
				GCC_WARN_UNDECLARED_SELECTOR = YES;
				GCC_WARN_UNINITIALIZED_AUTOS = YES_AGGRESSIVE;
				GCC_WARN_UNUSED_FUNCTION = YES;
				GCC_WARN_UNUSED_VARIABLE = YES;
				MTL_ENABLE_DEBUG_INFO = INCLUDE_SOURCE;
				MTL_FAST_MATH = YES;
				ONLY_ACTIVE_ARCH = YES;
				SWIFT_ACTIVE_COMPILATION_CONDITIONS = DEBUG;
				SWIFT_OPTIMIZATION_LEVEL = "-Onone";
			};
			name = Debug;
		};
		7FA707922A0FDEBC003B6CED /* Release */ = {
			isa = XCBuildConfiguration;
			buildSettings = {
				ALWAYS_SEARCH_USER_PATHS = NO;
				CLANG_ANALYZER_NONNULL = YES;
				CLANG_ANALYZER_NUMBER_OBJECT_CONVERSION = YES_AGGRESSIVE;
				CLANG_CXX_LANGUAGE_STANDARD = "gnu++17";
				CLANG_ENABLE_MODULES = YES;
				CLANG_ENABLE_OBJC_ARC = YES;
				CLANG_ENABLE_OBJC_WEAK = YES;
				CLANG_WARN_BLOCK_CAPTURE_AUTORELEASING = YES;
				CLANG_WARN_BOOL_CONVERSION = YES;
				CLANG_WARN_COMMA = YES;
				CLANG_WARN_CONSTANT_CONVERSION = YES;
				CLANG_WARN_DEPRECATED_OBJC_IMPLEMENTATIONS = YES;
				CLANG_WARN_DIRECT_OBJC_ISA_USAGE = YES_ERROR;
				CLANG_WARN_DOCUMENTATION_COMMENTS = YES;
				CLANG_WARN_EMPTY_BODY = YES;
				CLANG_WARN_ENUM_CONVERSION = YES;
				CLANG_WARN_INFINITE_RECURSION = YES;
				CLANG_WARN_INT_CONVERSION = YES;
				CLANG_WARN_NON_LITERAL_NULL_CONVERSION = YES;
				CLANG_WARN_OBJC_IMPLICIT_RETAIN_SELF = YES;
				CLANG_WARN_OBJC_LITERAL_CONVERSION = YES;
				CLANG_WARN_OBJC_ROOT_CLASS = YES_ERROR;
				CLANG_WARN_QUOTED_INCLUDE_IN_FRAMEWORK_HEADER = YES;
				CLANG_WARN_RANGE_LOOP_ANALYSIS = YES;
				CLANG_WARN_STRICT_PROTOTYPES = YES;
				CLANG_WARN_SUSPICIOUS_MOVE = YES;
				CLANG_WARN_UNGUARDED_AVAILABILITY = YES_AGGRESSIVE;
				CLANG_WARN_UNREACHABLE_CODE = YES;
				CLANG_WARN__DUPLICATE_METHOD_MATCH = YES;
				COPY_PHASE_STRIP = NO;
				DEBUG_INFORMATION_FORMAT = "dwarf-with-dsym";
				ENABLE_NS_ASSERTIONS = NO;
				ENABLE_STRICT_OBJC_MSGSEND = YES;
				GCC_C_LANGUAGE_STANDARD = gnu11;
				GCC_NO_COMMON_BLOCKS = YES;
				GCC_WARN_64_TO_32_BIT_CONVERSION = YES;
				GCC_WARN_ABOUT_RETURN_TYPE = YES_ERROR;
				GCC_WARN_UNDECLARED_SELECTOR = YES;
				GCC_WARN_UNINITIALIZED_AUTOS = YES_AGGRESSIVE;
				GCC_WARN_UNUSED_FUNCTION = YES;
				GCC_WARN_UNUSED_VARIABLE = YES;
				MTL_ENABLE_DEBUG_INFO = NO;
				MTL_FAST_MATH = YES;
				SWIFT_COMPILATION_MODE = wholemodule;
				SWIFT_OPTIMIZATION_LEVEL = "-O";
			};
			name = Release;
		};
		7FA707942A0FDEBC003B6CED /* Debug */ = {
			isa = XCBuildConfiguration;
			buildSettings = {
				ASSETCATALOG_COMPILER_APPICON_NAME = AppIcon;
				ASSETCATALOG_COMPILER_GLOBAL_ACCENT_COLOR_NAME = AccentColor;
				CODE_SIGN_STYLE = Automatic;
				CURRENT_PROJECT_VERSION = 1;
				DEVELOPMENT_TEAM = 8FB9F9Q783;
				ENABLE_PREVIEWS = YES;
				GENERATE_INFOPLIST_FILE = YES;
				INFOPLIST_KEY_UIApplicationSceneManifest_Generation = YES;
				INFOPLIST_KEY_UIApplicationSupportsIndirectInputEvents = YES;
				INFOPLIST_KEY_UILaunchScreen_Generation = YES;
				INFOPLIST_KEY_UISupportedInterfaceOrientations_iPad = "UIInterfaceOrientationPortrait UIInterfaceOrientationPortraitUpsideDown UIInterfaceOrientationLandscapeLeft UIInterfaceOrientationLandscapeRight";
				INFOPLIST_KEY_UISupportedInterfaceOrientations_iPhone = "UIInterfaceOrientationPortrait UIInterfaceOrientationLandscapeLeft UIInterfaceOrientationLandscapeRight";
				IPHONEOS_DEPLOYMENT_TARGET = 15.5;
				LD_RUNPATH_SEARCH_PATHS = (
					"$(inherited)",
					"@executable_path/Frameworks",
				);
				MARKETING_VERSION = 1.0;
				PRODUCT_BUNDLE_IDENTIFIER = NataliaWcislo.Weather;
				PRODUCT_NAME = Weather;
				SDKROOT = iphoneos;
				SWIFT_EMIT_LOC_STRINGS = YES;
				SWIFT_VERSION = 5.0;
				TARGETED_DEVICE_FAMILY = "1,2";
			};
			name = Debug;
		};
		7FA707952A0FDEBC003B6CED /* Release */ = {
			isa = XCBuildConfiguration;
			buildSettings = {
				ASSETCATALOG_COMPILER_APPICON_NAME = AppIcon;
				ASSETCATALOG_COMPILER_GLOBAL_ACCENT_COLOR_NAME = AccentColor;
				CODE_SIGN_STYLE = Automatic;
				CURRENT_PROJECT_VERSION = 1;
				DEVELOPMENT_TEAM = 8FB9F9Q783;
				ENABLE_PREVIEWS = YES;
				GENERATE_INFOPLIST_FILE = YES;
				INFOPLIST_KEY_UIApplicationSceneManifest_Generation = YES;
				INFOPLIST_KEY_UIApplicationSupportsIndirectInputEvents = YES;
				INFOPLIST_KEY_UILaunchScreen_Generation = YES;
				INFOPLIST_KEY_UISupportedInterfaceOrientations_iPad = "UIInterfaceOrientationPortrait UIInterfaceOrientationPortraitUpsideDown UIInterfaceOrientationLandscapeLeft UIInterfaceOrientationLandscapeRight";
				INFOPLIST_KEY_UISupportedInterfaceOrientations_iPhone = "UIInterfaceOrientationPortrait UIInterfaceOrientationLandscapeLeft UIInterfaceOrientationLandscapeRight";
				IPHONEOS_DEPLOYMENT_TARGET = 15.5;
				LD_RUNPATH_SEARCH_PATHS = (
					"$(inherited)",
					"@executable_path/Frameworks",
				);
				MARKETING_VERSION = 1.0;
				PRODUCT_BUNDLE_IDENTIFIER = NataliaWcislo.Weather;
				PRODUCT_NAME = Weather;
				SDKROOT = iphoneos;
				SWIFT_EMIT_LOC_STRINGS = YES;
				SWIFT_VERSION = 5.0;
				TARGETED_DEVICE_FAMILY = "1,2";
				VALIDATE_PRODUCT = YES;
			};
			name = Release;
		};
		7FA707972A0FDEBC003B6CED /* Debug */ = {
			isa = XCBuildConfiguration;
			buildSettings = {
				ASSETCATALOG_COMPILER_APPICON_NAME = AppIcon;
				ASSETCATALOG_COMPILER_GLOBAL_ACCENT_COLOR_NAME = AccentColor;
				CODE_SIGN_ENTITLEMENTS = macOS/macOS.entitlements;
				CODE_SIGN_STYLE = Automatic;
				COMBINE_HIDPI_IMAGES = YES;
				CURRENT_PROJECT_VERSION = 1;
				DEVELOPMENT_TEAM = 8FB9F9Q783;
				ENABLE_HARDENED_RUNTIME = YES;
				ENABLE_PREVIEWS = YES;
				GENERATE_INFOPLIST_FILE = YES;
				INFOPLIST_KEY_NSHumanReadableCopyright = "";
				LD_RUNPATH_SEARCH_PATHS = (
					"$(inherited)",
					"@executable_path/../Frameworks",
				);
				MACOSX_DEPLOYMENT_TARGET = 12.3;
				MARKETING_VERSION = 1.0;
				PRODUCT_BUNDLE_IDENTIFIER = NataliaWcislo.Weather;
				PRODUCT_NAME = Weather;
				SDKROOT = macosx;
				SWIFT_EMIT_LOC_STRINGS = YES;
				SWIFT_VERSION = 5.0;
			};
			name = Debug;
		};
		7FA707982A0FDEBC003B6CED /* Release */ = {
			isa = XCBuildConfiguration;
			buildSettings = {
				ASSETCATALOG_COMPILER_APPICON_NAME = AppIcon;
				ASSETCATALOG_COMPILER_GLOBAL_ACCENT_COLOR_NAME = AccentColor;
				CODE_SIGN_ENTITLEMENTS = macOS/macOS.entitlements;
				CODE_SIGN_STYLE = Automatic;
				COMBINE_HIDPI_IMAGES = YES;
				CURRENT_PROJECT_VERSION = 1;
				DEVELOPMENT_TEAM = 8FB9F9Q783;
				ENABLE_HARDENED_RUNTIME = YES;
				ENABLE_PREVIEWS = YES;
				GENERATE_INFOPLIST_FILE = YES;
				INFOPLIST_KEY_NSHumanReadableCopyright = "";
				LD_RUNPATH_SEARCH_PATHS = (
					"$(inherited)",
					"@executable_path/../Frameworks",
				);
				MACOSX_DEPLOYMENT_TARGET = 12.3;
				MARKETING_VERSION = 1.0;
				PRODUCT_BUNDLE_IDENTIFIER = NataliaWcislo.Weather;
				PRODUCT_NAME = Weather;
				SDKROOT = macosx;
				SWIFT_EMIT_LOC_STRINGS = YES;
				SWIFT_VERSION = 5.0;
			};
			name = Release;
		};
		7FA7079A2A0FDEBC003B6CED /* Debug */ = {
			isa = XCBuildConfiguration;
			buildSettings = {
				ALWAYS_EMBED_SWIFT_STANDARD_LIBRARIES = YES;
				CODE_SIGN_STYLE = Automatic;
				CURRENT_PROJECT_VERSION = 1;
				DEVELOPMENT_TEAM = 8FB9F9Q783;
				GENERATE_INFOPLIST_FILE = YES;
				IPHONEOS_DEPLOYMENT_TARGET = 15.5;
				MARKETING_VERSION = 1.0;
				PRODUCT_BUNDLE_IDENTIFIER = "NataliaWcislo.Tests-iOS";
				PRODUCT_NAME = "$(TARGET_NAME)";
				SDKROOT = iphoneos;
				SWIFT_EMIT_LOC_STRINGS = NO;
				SWIFT_VERSION = 5.0;
				TARGETED_DEVICE_FAMILY = "1,2";
				TEST_TARGET_NAME = "Weather (iOS)";
			};
			name = Debug;
		};
		7FA7079B2A0FDEBC003B6CED /* Release */ = {
			isa = XCBuildConfiguration;
			buildSettings = {
				ALWAYS_EMBED_SWIFT_STANDARD_LIBRARIES = YES;
				CODE_SIGN_STYLE = Automatic;
				CURRENT_PROJECT_VERSION = 1;
				DEVELOPMENT_TEAM = 8FB9F9Q783;
				GENERATE_INFOPLIST_FILE = YES;
				IPHONEOS_DEPLOYMENT_TARGET = 15.5;
				MARKETING_VERSION = 1.0;
				PRODUCT_BUNDLE_IDENTIFIER = "NataliaWcislo.Tests-iOS";
				PRODUCT_NAME = "$(TARGET_NAME)";
				SDKROOT = iphoneos;
				SWIFT_EMIT_LOC_STRINGS = NO;
				SWIFT_VERSION = 5.0;
				TARGETED_DEVICE_FAMILY = "1,2";
				TEST_TARGET_NAME = "Weather (iOS)";
				VALIDATE_PRODUCT = YES;
			};
			name = Release;
		};
		7FA7079D2A0FDEBC003B6CED /* Debug */ = {
			isa = XCBuildConfiguration;
			buildSettings = {
				ALWAYS_EMBED_SWIFT_STANDARD_LIBRARIES = YES;
				CODE_SIGN_STYLE = Automatic;
				CURRENT_PROJECT_VERSION = 1;
				DEVELOPMENT_TEAM = 8FB9F9Q783;
				GENERATE_INFOPLIST_FILE = YES;
				MACOSX_DEPLOYMENT_TARGET = 12.3;
				MARKETING_VERSION = 1.0;
				PRODUCT_BUNDLE_IDENTIFIER = "NataliaWcislo.Tests-macOS";
				PRODUCT_NAME = "$(TARGET_NAME)";
				SDKROOT = macosx;
				SWIFT_EMIT_LOC_STRINGS = NO;
				SWIFT_VERSION = 5.0;
				TEST_TARGET_NAME = "Weather (macOS)";
			};
			name = Debug;
		};
		7FA7079E2A0FDEBC003B6CED /* Release */ = {
			isa = XCBuildConfiguration;
			buildSettings = {
				ALWAYS_EMBED_SWIFT_STANDARD_LIBRARIES = YES;
				CODE_SIGN_STYLE = Automatic;
				CURRENT_PROJECT_VERSION = 1;
				DEVELOPMENT_TEAM = 8FB9F9Q783;
				GENERATE_INFOPLIST_FILE = YES;
				MACOSX_DEPLOYMENT_TARGET = 12.3;
				MARKETING_VERSION = 1.0;
				PRODUCT_BUNDLE_IDENTIFIER = "NataliaWcislo.Tests-macOS";
				PRODUCT_NAME = "$(TARGET_NAME)";
				SDKROOT = macosx;
				SWIFT_EMIT_LOC_STRINGS = NO;
				SWIFT_VERSION = 5.0;
				TEST_TARGET_NAME = "Weather (macOS)";
			};
			name = Release;
		};
/* End XCBuildConfiguration section */

/* Begin XCConfigurationList section */
		7FA707612A0FDEBA003B6CED /* Build configuration list for PBXProject "Weather" */ = {
			isa = XCConfigurationList;
			buildConfigurations = (
				7FA707912A0FDEBC003B6CED /* Debug */,
				7FA707922A0FDEBC003B6CED /* Release */,
			);
			defaultConfigurationIsVisible = 0;
			defaultConfigurationName = Release;
		};
		7FA707932A0FDEBC003B6CED /* Build configuration list for PBXNativeTarget "Weather (iOS)" */ = {
			isa = XCConfigurationList;
			buildConfigurations = (
				7FA707942A0FDEBC003B6CED /* Debug */,
				7FA707952A0FDEBC003B6CED /* Release */,
			);
			defaultConfigurationIsVisible = 0;
			defaultConfigurationName = Release;
		};
		7FA707962A0FDEBC003B6CED /* Build configuration list for PBXNativeTarget "Weather (macOS)" */ = {
			isa = XCConfigurationList;
			buildConfigurations = (
				7FA707972A0FDEBC003B6CED /* Debug */,
				7FA707982A0FDEBC003B6CED /* Release */,
			);
			defaultConfigurationIsVisible = 0;
			defaultConfigurationName = Release;
		};
		7FA707992A0FDEBC003B6CED /* Build configuration list for PBXNativeTarget "Tests iOS" */ = {
			isa = XCConfigurationList;
			buildConfigurations = (
				7FA7079A2A0FDEBC003B6CED /* Debug */,
				7FA7079B2A0FDEBC003B6CED /* Release */,
			);
			defaultConfigurationIsVisible = 0;
			defaultConfigurationName = Release;
		};
		7FA7079C2A0FDEBC003B6CED /* Build configuration list for PBXNativeTarget "Tests macOS" */ = {
			isa = XCConfigurationList;
			buildConfigurations = (
				7FA7079D2A0FDEBC003B6CED /* Debug */,
				7FA7079E2A0FDEBC003B6CED /* Release */,
			);
			defaultConfigurationIsVisible = 0;
			defaultConfigurationName = Release;
		};
/* End XCConfigurationList section */
	};
	rootObject = 7FA7075E2A0FDEBA003B6CED /* Project object */;
}
